
Microsoft Visual Studio Solution File, Format Version 12.00
# Visual Studio Version 16
VisualStudioVersion = 16.0.30611.23
MinimumVisualStudioVersion = 10.0.40219.1
Project("{FAE04EC0-301F-11D3-BF4B-00C04F79EFBC}") = "SodaMachine", "SodaMachine\SodaMachine.csproj", "{71C5C747-7FF1-4423-AE47-0CAB3AFBABB0}"
EndProject
Global
	GlobalSection(SolutionConfigurationPlatforms) = preSolution
		Debug|Any CPU = Debug|Any CPU
		Release|Any CPU = Release|Any CPU
	EndGlobalSection
	GlobalSection(ProjectConfigurationPlatforms) = postSolution
		{71C5C747-7FF1-4423-AE47-0CAB3AFBABB0}.Debug|Any CPU.ActiveCfg = Debug|Any CPU
		{71C5C747-7FF1-4423-AE47-0CAB3AFBABB0}.Debug|Any CPU.Build.0 = Debug|Any CPU
		{71C5C747-7FF1-4423-AE47-0CAB3AFBABB0}.Release|Any CPU.ActiveCfg = Release|Any CPU
		{71C5C747-7FF1-4423-AE47-0CAB3AFBABB0}.Release|Any CPU.Build.0 = Release|Any CPU
	EndGlobalSection
	GlobalSection(SolutionProperties) = preSolution
		HideSolutionNode = FALSE
	EndGlobalSection
	GlobalSection(ExtensibilityGlobals) = postSolution
		SolutionGuid = {9DDA2D9E-340F-4416-ABBC-4D6733E03CB1}
	EndGlobalSection
EndGlobal
